Microsoft Visual Studio Solution File, Format Version 11.00
# Visual Studio 2008

Project("{CFE95A93-BA8C-C29F-D2BE-DC5BBC8B78C4}") = "AugmentedAndroid", "Assembly-CSharp-vs.csproj", "{EC3E9760-8FD8-3BA2-3FBD-30F3849048CC}"
EndProject
Project("{CFE95A93-BA8C-C29F-D2BE-DC5BBC8B78C4}") = "AugmentedAndroid", "Assembly-CSharp-Editor-vs.csproj", "{FA120F20-6D9E-97F8-324E-D0909C1F9946}"
EndProject
Global
	GlobalSection(SolutionConfigurationPlatforms) = preSolution
		Debug|Any CPU = Debug|Any CPU
		Release|Any CPU = Release|Any CPU
	EndGlobalSection
	GlobalSection(ProjectConfigurationPlatforms) = postSolution
		{EC3E9760-8FD8-3BA2-3FBD-30F3849048CC}.Debug|Any CPU.ActiveCfg = Debug|Any CPU
		{EC3E9760-8FD8-3BA2-3FBD-30F3849048CC}.Debug|Any CPU.Build.0 = Debug|Any CPU
		{EC3E9760-8FD8-3BA2-3FBD-30F3849048CC}.Release|Any CPU.ActiveCfg = Release|Any CPU
		{EC3E9760-8FD8-3BA2-3FBD-30F3849048CC}.Release|Any CPU.Build.0 = Release|Any CPU
		{FA120F20-6D9E-97F8-324E-D0909C1F9946}.Debug|Any CPU.ActiveCfg = Debug|Any CPU
		{FA120F20-6D9E-97F8-324E-D0909C1F9946}.Debug|Any CPU.Build.0 = Debug|Any CPU
		{FA120F20-6D9E-97F8-324E-D0909C1F9946}.Release|Any CPU.ActiveCfg = Release|Any CPU
		{FA120F20-6D9E-97F8-324E-D0909C1F9946}.Release|Any CPU.Build.0 = Release|Any CPU
	EndGlobalSection
	GlobalSection(SolutionProperties) = preSolution
		HideSolutionNode = FALSE
	EndGlobalSection
																																																																											GlobalSection(MonoDevelopProperties) = preSolution
		StartupItem = Assembly-CSharp.csproj
		Policies = $0
		$0.TextStylePolicy = $1
		$1.inheritsSet = null
		$1.scope = text/x-csharp
		$0.CSharpFormattingPolicy = $2
		$2.inheritsSet = Mono
		$2.inheritsScope = text/x-csharp
		$2.scope = text/x-csharp
		$0.TextStylePolicy = $3
		$3.FileWidth = 120
		$3.TabWidth = 4
		$3.EolMarker = Unix
		$3.inheritsSet = Mono
		$3.inheritsScope = text/plain
		$3.scope = text/plain
	EndGlobalSection

EndGlobal
