Microsoft Visual Studio Solution File, Format Version 11.00
# Visual Studio 2008

Project("{554F7816-0118-301E-06B4-845CC176B6A5}") = "Augmented 2", "Assembly-CSharp.csproj", "{CB806672-5EBF-E5EE-B73A-A867B84A7A3C}"
EndProject
Project("{554F7816-0118-301E-06B4-845CC176B6A5}") = "Augmented 2", "Assembly-CSharp-Editor.csproj", "{594CDA60-B993-C858-CDDE-BFC5EC895EA9}"
EndProject
Project("{554F7816-0118-301E-06B4-845CC176B6A5}") = "Augmented 2", "Assembly-UnityScript-firstpass.unityproj", "{B64F6405-8677-D3B7-8D24-B4A692FBC3E2}"
EndProject
Project("{554F7816-0118-301E-06B4-845CC176B6A5}") = "Augmented 2", "Assembly-UnityScript.unityproj", "{1CEF61D5-609A-184A-5CB8-71EC46605611}"
EndProject
Project("{554F7816-0118-301E-06B4-845CC176B6A5}") = "Augmented 2", "Assembly-UnityScript-Editor-firstpass.unityproj", "{C111E40A-B342-7C64-EDA9-99D2EAB2686C}"
EndProject
Global
	GlobalSection(SolutionConfigurationPlatforms) = preSolution
		Debug|Any CPU = Debug|Any CPU
		Release|Any CPU = Release|Any CPU
	EndGlobalSection
	GlobalSection(ProjectConfigurationPlatforms) = postSolution
		{CB806672-5EBF-E5EE-B73A-A867B84A7A3C}.Debug|Any CPU.ActiveCfg = Debug|Any CPU
		{CB806672-5EBF-E5EE-B73A-A867B84A7A3C}.Debug|Any CPU.Build.0 = Debug|Any CPU
		{CB806672-5EBF-E5EE-B73A-A867B84A7A3C}.Release|Any CPU.ActiveCfg = Release|Any CPU
		{CB806672-5EBF-E5EE-B73A-A867B84A7A3C}.Release|Any CPU.Build.0 = Release|Any CPU
		{594CDA60-B993-C858-CDDE-BFC5EC895EA9}.Debug|Any CPU.ActiveCfg = Debug|Any CPU
		{594CDA60-B993-C858-CDDE-BFC5EC895EA9}.Debug|Any CPU.Build.0 = Debug|Any CPU
		{594CDA60-B993-C858-CDDE-BFC5EC895EA9}.Release|Any CPU.ActiveCfg = Release|Any CPU
		{594CDA60-B993-C858-CDDE-BFC5EC895EA9}.Release|Any CPU.Build.0 = Release|Any CPU
		{B64F6405-8677-D3B7-8D24-B4A692FBC3E2}.Debug|Any CPU.ActiveCfg = Debug|Any CPU
		{B64F6405-8677-D3B7-8D24-B4A692FBC3E2}.Debug|Any CPU.Build.0 = Debug|Any CPU
		{B64F6405-8677-D3B7-8D24-B4A692FBC3E2}.Release|Any CPU.ActiveCfg = Release|Any CPU
		{B64F6405-8677-D3B7-8D24-B4A692FBC3E2}.Release|Any CPU.Build.0 = Release|Any CPU
		{1CEF61D5-609A-184A-5CB8-71EC46605611}.Debug|Any CPU.ActiveCfg = Debug|Any CPU
		{1CEF61D5-609A-184A-5CB8-71EC46605611}.Debug|Any CPU.Build.0 = Debug|Any CPU
		{1CEF61D5-609A-184A-5CB8-71EC46605611}.Release|Any CPU.ActiveCfg = Release|Any CPU
		{1CEF61D5-609A-184A-5CB8-71EC46605611}.Release|Any CPU.Build.0 = Release|Any CPU
		{C111E40A-B342-7C64-EDA9-99D2EAB2686C}.Debug|Any CPU.ActiveCfg = Debug|Any CPU
		{C111E40A-B342-7C64-EDA9-99D2EAB2686C}.Debug|Any CPU.Build.0 = Debug|Any CPU
		{C111E40A-B342-7C64-EDA9-99D2EAB2686C}.Release|Any CPU.ActiveCfg = Release|Any CPU
		{C111E40A-B342-7C64-EDA9-99D2EAB2686C}.Release|Any CPU.Build.0 = Release|Any CPU
	EndGlobalSection
	GlobalSection(SolutionProperties) = preSolution
		HideSolutionNode = FALSE
	EndGlobalSection
																												GlobalSection(MonoDevelopProperties) = preSolution
		StartupItem = Assembly-CSharp.csproj
		Policies = $0
		$0.TextStylePolicy = $1
		$1.inheritsSet = null
		$1.scope = text/x-csharp
		$0.CSharpFormattingPolicy = $2
		$2.inheritsSet = Mono
		$2.inheritsScope = text/x-csharp
		$2.scope = text/x-csharp
		$0.TextStylePolicy = $3
		$3.FileWidth = 120
		$3.TabWidth = 4
		$3.EolMarker = Unix
		$3.inheritsSet = Mono
		$3.inheritsScope = text/plain
		$3.scope = text/plain
	EndGlobalSection

EndGlobal
